<?xml version="1.0" encoding="utf-8"?>
<Project ToolsVersion="17.0" xmlns="http://schemas.microsoft.com/developer/msbuild/2003">
  <ItemGroup>
    <ClCompile Include="E:\Repos\VulkanEngineProject\ZodiacEngine\Dependencies\glm\detail\glm.cpp">
      <Filter>Dependencies\glm\detail\Source Files</Filter>
    </ClCompile>
    <ClCompile Include="E:\Repos\VulkanEngineProject\ZodiacEngine\Dependencies\imgui\imgui.cpp">
      <Filter>Dependencies\imgui\Source Files</Filter>
    </ClCompile>
    <ClCompile Include="E:\Repos\VulkanEngineProject\ZodiacEngine\Dependencies\imgui\imgui_demo.cpp">
      <Filter>Dependencies\imgui\Source Files</Filter>
    </ClCompile>
    <ClCompile Include="E:\Repos\VulkanEngineProject\ZodiacEngine\Dependencies\imgui\imgui_draw.cpp">
      <Filter>Dependencies\imgui\Source Files</Filter>
    </ClCompile>
    <ClCompile Include="E:\Repos\VulkanEngineProject\ZodiacEngine\Dependencies\imgui\imgui_impl_glfw.cpp">
      <Filter>Dependencies\imgui\Source Files</Filter>
    </ClCompile>
    <ClCompile Include="E:\Repos\VulkanEngineProject\ZodiacEngine\Dependencies\imgui\imgui_impl_vulkan.cpp">
      <Filter>Dependencies\imgui\Source Files</Filter>
    </ClCompile>
    <ClCompile Include="E:\Repos\VulkanEngineProject\ZodiacEngine\Dependencies\imgui\imgui_tables.cpp">
      <Filter>Dependencies\imgui\Source Files</Filter>
    </ClCompile>
    <ClCompile Include="E:\Repos\VulkanEngineProject\ZodiacEngine\Dependencies\imgui\imgui_widgets.cpp">
      <Filter>Dependencies\imgui\Source Files</Filter>
    </ClCompile>
    <ClCompile Include="E:\Repos\VulkanEngineProject\ZodiacEngine\Source\Assets\Mesh.cpp">
      <Filter>Source\Assets\Source Files</Filter>
    </ClCompile>
    <ClCompile Include="E:\Repos\VulkanEngineProject\ZodiacEngine\Source\Assets\Model.cpp">
      <Filter>Source\Assets\Source Files</Filter>
    </ClCompile>
    <ClCompile Include="E:\Repos\VulkanEngineProject\ZodiacEngine\Source\Engine\Application.cpp">
      <Filter>Source\Engine\Source Files</Filter>
    </ClCompile>
    <ClCompile Include="E:\Repos\VulkanEngineProject\ZodiacEngine\Source\Engine\System.cpp">
      <Filter>Source\Engine\Source Files</Filter>
    </ClCompile>
    <ClCompile Include="E:\Repos\VulkanEngineProject\ZodiacEngine\Source\Engine\Window.cpp">
      <Filter>Source\Engine\Source Files</Filter>
    </ClCompile>
    <ClCompile Include="E:\Repos\VulkanEngineProject\ZodiacEngine\Source\Engine\Zodiacpch.cpp">
      <Filter>Source\Engine\Source Files</Filter>
    </ClCompile>
    <ClCompile Include="E:\Repos\VulkanEngineProject\ZodiacEngine\Source\ImGui\ImGuiLayer.cpp">
      <Filter>Source\ImGui\Source Files</Filter>
    </ClCompile>
    <ClCompile Include="E:\Repos\VulkanEngineProject\ZodiacEngine\Source\Renderer\OrthographicCamera.cpp">
      <Filter>Source\Renderer\Source Files</Filter>
    </ClCompile>
    <ClCompile Include="E:\Repos\VulkanEngineProject\ZodiacEngine\Source\Renderer\PerspectiveCamera.cpp">
      <Filter>Source\Renderer\Source Files</Filter>
    </ClCompile>
    <ClCompile Include="E:\Repos\VulkanEngineProject\ZodiacEngine\Source\Renderer\Renderer.cpp">
      <Filter>Source\Renderer\Source Files</Filter>
    </ClCompile>
    <ClCompile Include="E:\Repos\VulkanEngineProject\ZodiacEngine\Source\Vulkan\Initializers.cpp">
      <Filter>Source\Vulkan\Source Files</Filter>
    </ClCompile>
    <ClCompile Include="E:\Repos\VulkanEngineProject\ZodiacEngine\Source\Vulkan\Validation.cpp">
      <Filter>Source\Vulkan\Source Files</Filter>
    </ClCompile>
    <ClCompile Include="E:\Repos\VulkanEngineProject\ZodiacEngine\Source\Vulkan\VulkanBuffer.cpp">
      <Filter>Source\Vulkan\Source Files</Filter>
    </ClCompile>
    <ClCompile Include="E:\Repos\VulkanEngineProject\ZodiacEngine\Source\Vulkan\VulkanDevice.cpp">
      <Filter>Source\Vulkan\Source Files</Filter>
    </ClCompile>
    <ClCompile Include="E:\Repos\VulkanEngineProject\ZodiacEngine\Source\Vulkan\VulkanFence.cpp">
      <Filter>Source\Vulkan\Source Files</Filter>
    </ClCompile>
    <ClCompile Include="E:\Repos\VulkanEngineProject\ZodiacEngine\Source\Vulkan\VulkanFramebuffer.cpp">
      <Filter>Source\Vulkan\Source Files</Filter>
    </ClCompile>
    <ClCompile Include="E:\Repos\VulkanEngineProject\ZodiacEngine\Source\Vulkan\VulkanInstance.cpp">
      <Filter>Source\Vulkan\Source Files</Filter>
    </ClCompile>
    <ClCompile Include="E:\Repos\VulkanEngineProject\ZodiacEngine\Source\Vulkan\VulkanPhysicalDevice.cpp">
      <Filter>Source\Vulkan\Source Files</Filter>
    </ClCompile>
    <ClCompile Include="E:\Repos\VulkanEngineProject\ZodiacEngine\Source\Vulkan\VulkanSemaphore.cpp">
      <Filter>Source\Vulkan\Source Files</Filter>
    </ClCompile>
    <ClCompile Include="E:\Repos\VulkanEngineProject\ZodiacEngine\Source\Vulkan\VulkanShaderModule.cpp">
      <Filter>Source\Vulkan\Source Files</Filter>
    </ClCompile>
    <ClCompile Include="E:\Repos\VulkanEngineProject\ZodiacEngine\Source\Vulkan\VulkanSurface.cpp">
      <Filter>Source\Vulkan\Source Files</Filter>
    </ClCompile>
    <ClCompile Include="E:\Repos\VulkanEngineProject\ZodiacEngine\Source\Vulkan\VulkanSwapchain.cpp">
      <Filter>Source\Vulkan\Source Files</Filter>
    </ClCompile>
    <ClCompile Include="E:\Repos\VulkanEngineProject\ZodiacEngine\Source\main.cpp">
      <Filter>Source\Source Files</Filter>
    </ClCompile>
  </ItemGroup>
  <ItemGroup>
    <ClInclude Include="E:\Repos\VulkanEngineProject\ZodiacEngine\Dependencies\GLFW\include\GLFW\glfw3.h">
      <Filter>Dependencies\GLFW\include\GLFW\Header Files</Filter>
    </ClInclude>
    <ClInclude Include="E:\Repos\VulkanEngineProject\ZodiacEngine\Dependencies\GLFW\include\GLFW\glfw3native.h">
      <Filter>Dependencies\GLFW\include\GLFW\Header Files</Filter>
    </ClInclude>
    <ClInclude Include="E:\Repos\VulkanEngineProject\ZodiacEngine\Dependencies\VulkanSDK\Include\shaderc\env.h">
      <Filter>Dependencies\VulkanSDK\Include\shaderc\Header Files</Filter>
    </ClInclude>
    <ClInclude Include="E:\Repos\VulkanEngineProject\ZodiacEngine\Dependencies\VulkanSDK\Include\shaderc\shaderc.h">
      <Filter>Dependencies\VulkanSDK\Include\shaderc\Header Files</Filter>
    </ClInclude>
    <ClInclude Include="E:\Repos\VulkanEngineProject\ZodiacEngine\Dependencies\VulkanSDK\Include\shaderc\status.h">
      <Filter>Dependencies\VulkanSDK\Include\shaderc\Header Files</Filter>
    </ClInclude>
    <ClInclude Include="E:\Repos\VulkanEngineProject\ZodiacEngine\Dependencies\VulkanSDK\Include\shaderc\visibility.h">
      <Filter>Dependencies\VulkanSDK\Include\shaderc\Header Files</Filter>
    </ClInclude>
    <ClInclude Include="E:\Repos\VulkanEngineProject\ZodiacEngine\Dependencies\VulkanSDK\Include\spirv-headers\AMD_gcn_shader.h">
      <Filter>Dependencies\VulkanSDK\Include\spirv-headers\Header Files</Filter>
    </ClInclude>
    <ClInclude Include="E:\Repos\VulkanEngineProject\ZodiacEngine\Dependencies\VulkanSDK\Include\spirv-headers\AMD_shader_ballot.h">
      <Filter>Dependencies\VulkanSDK\Include\spirv-headers\Header Files</Filter>
    </ClInclude>
    <ClInclude Include="E:\Repos\VulkanEngineProject\ZodiacEngine\Dependencies\VulkanSDK\Include\spirv-headers\AMD_shader_explicit_vertex_parameter.h">
      <Filter>Dependencies\VulkanSDK\Include\spirv-headers\Header Files</Filter>
    </ClInclude>
    <ClInclude Include="E:\Repos\VulkanEngineProject\ZodiacEngine\Dependencies\VulkanSDK\Include\spirv-headers\AMD_shader_trinary_minmax.h">
      <Filter>Dependencies\VulkanSDK\Include\spirv-headers\Header Files</Filter>
    </ClInclude>
    <ClInclude Include="E:\Repos\VulkanEngineProject\ZodiacEngine\Dependencies\VulkanSDK\Include\spirv-headers\DebugInfo.h">
      <Filter>Dependencies\VulkanSDK\Include\spirv-headers\Header Files</Filter>
    </ClInclude>
    <ClInclude Include="E:\Repos\VulkanEngineProject\ZodiacEngine\Dependencies\VulkanSDK\Include\spirv-headers\GLSL.std.450.h">
      <Filter>Dependencies\VulkanSDK\Include\spirv-headers\Other</Filter>
    </ClInclude>
    <ClInclude Include="E:\Repos\VulkanEngineProject\ZodiacEngine\Dependencies\VulkanSDK\Include\spirv-headers\NonSemanticClspvReflection.h">
      <Filter>Dependencies\VulkanSDK\Include\spirv-headers\Header Files</Filter>
    </ClInclude>
    <ClInclude Include="E:\Repos\VulkanEngineProject\ZodiacEngine\Dependencies\VulkanSDK\Include\spirv-headers\NonSemanticDebugBreak.h">
      <Filter>Dependencies\VulkanSDK\Include\spirv-headers\Header Files</Filter>
    </ClInclude>
    <ClInclude Include="E:\Repos\VulkanEngineProject\ZodiacEngine\Dependencies\VulkanSDK\Include\spirv-headers\NonSemanticDebugPrintf.h">
      <Filter>Dependencies\VulkanSDK\Include\spirv-headers\Header Files</Filter>
    </ClInclude>
    <ClInclude Include="E:\Repos\VulkanEngineProject\ZodiacEngine\Dependencies\VulkanSDK\Include\spirv-headers\NonSemanticShaderDebugInfo100.h">
      <Filter>Dependencies\VulkanSDK\Include\spirv-headers\Header Files</Filter>
    </ClInclude>
    <ClInclude Include="E:\Repos\VulkanEngineProject\ZodiacEngine\Dependencies\VulkanSDK\Include\spirv-headers\NonSemanticVkspReflection.h">
      <Filter>Dependencies\VulkanSDK\Include\spirv-headers\Header Files</Filter>
    </ClInclude>
    <ClInclude Include="E:\Repos\VulkanEngineProject\ZodiacEngine\Dependencies\VulkanSDK\Include\spirv-headers\OpenCL.std.h">
      <Filter>Dependencies\VulkanSDK\Include\spirv-headers\Other</Filter>
    </ClInclude>
    <ClInclude Include="E:\Repos\VulkanEngineProject\ZodiacEngine\Dependencies\VulkanSDK\Include\spirv-headers\OpenCLDebugInfo100.h">
      <Filter>Dependencies\VulkanSDK\Include\spirv-headers\Header Files</Filter>
    </ClInclude>
    <ClInclude Include="E:\Repos\VulkanEngineProject\ZodiacEngine\Dependencies\VulkanSDK\Include\spirv-headers\TOSA.001000.1.h">
      <Filter>Dependencies\VulkanSDK\Include\spirv-headers\Other</Filter>
    </ClInclude>
    <ClInclude Include="E:\Repos\VulkanEngineProject\ZodiacEngine\Dependencies\VulkanSDK\Include\spirv-headers\spirv.h">
      <Filter>Dependencies\VulkanSDK\Include\spirv-headers\Header Files</Filter>
    </ClInclude>
    <ClInclude Include="E:\Repos\VulkanEngineProject\ZodiacEngine\Dependencies\VulkanSDK\Include\vk_video\vulkan_video_codec_av1std.h">
      <Filter>Dependencies\VulkanSDK\Include\vk_video\Header Files</Filter>
    </ClInclude>
    <ClInclude Include="E:\Repos\VulkanEngineProject\ZodiacEngine\Dependencies\VulkanSDK\Include\vk_video\vulkan_video_codec_av1std_decode.h">
      <Filter>Dependencies\VulkanSDK\Include\vk_video\Header Files</Filter>
    </ClInclude>
    <ClInclude Include="E:\Repos\VulkanEngineProject\ZodiacEngine\Dependencies\VulkanSDK\Include\vk_video\vulkan_video_codec_av1std_encode.h">
      <Filter>Dependencies\VulkanSDK\Include\vk_video\Header Files</Filter>
    </ClInclude>
    <ClInclude Include="E:\Repos\VulkanEngineProject\ZodiacEngine\Dependencies\VulkanSDK\Include\vk_video\vulkan_video_codec_h264std.h">
      <Filter>Dependencies\VulkanSDK\Include\vk_video\Header Files</Filter>
    </ClInclude>
    <ClInclude Include="E:\Repos\VulkanEngineProject\ZodiacEngine\Dependencies\VulkanSDK\Include\vk_video\vulkan_video_codec_h264std_decode.h">
      <Filter>Dependencies\VulkanSDK\Include\vk_video\Header Files</Filter>
    </ClInclude>
    <ClInclude Include="E:\Repos\VulkanEngineProject\ZodiacEngine\Dependencies\VulkanSDK\Include\vk_video\vulkan_video_codec_h264std_encode.h">
      <Filter>Dependencies\VulkanSDK\Include\vk_video\Header Files</Filter>
    </ClInclude>
    <ClInclude Include="E:\Repos\VulkanEngineProject\ZodiacEngine\Dependencies\VulkanSDK\Include\vk_video\vulkan_video_codec_h265std.h">
      <Filter>Dependencies\VulkanSDK\Include\vk_video\Header Files</Filter>
    </ClInclude>
    <ClInclude Include="E:\Repos\VulkanEngineProject\ZodiacEngine\Dependencies\VulkanSDK\Include\vk_video\vulkan_video_codec_h265std_decode.h">
      <Filter>Dependencies\VulkanSDK\Include\vk_video\Header Files</Filter>
    </ClInclude>
    <ClInclude Include="E:\Repos\VulkanEngineProject\ZodiacEngine\Dependencies\VulkanSDK\Include\vk_video\vulkan_video_codec_h265std_encode.h">
      <Filter>Dependencies\VulkanSDK\Include\vk_video\Header Files</Filter>
    </ClInclude>
    <ClInclude Include="E:\Repos\VulkanEngineProject\ZodiacEngine\Dependencies\VulkanSDK\Include\vk_video\vulkan_video_codec_vp9std.h">
      <Filter>Dependencies\VulkanSDK\Include\vk_video\Header Files</Filter>
    </ClInclude>
    <ClInclude Include="E:\Repos\VulkanEngineProject\ZodiacEngine\Dependencies\VulkanSDK\Include\vk_video\vulkan_video_codec_vp9std_decode.h">
      <Filter>Dependencies\VulkanSDK\Include\vk_video\Header Files</Filter>
    </ClInclude>
    <ClInclude Include="E:\Repos\VulkanEngineProject\ZodiacEngine\Dependencies\VulkanSDK\Include\vk_video\vulkan_video_codecs_common.h">
      <Filter>Dependencies\VulkanSDK\Include\vk_video\Header Files</Filter>
    </ClInclude>
    <ClInclude Include="E:\Repos\VulkanEngineProject\ZodiacEngine\Dependencies\VulkanSDK\Include\vulkan\utility\vk_dispatch_table.h">
      <Filter>Dependencies\VulkanSDK\Include\vulkan\utility\Header Files</Filter>
    </ClInclude>
    <ClInclude Include="E:\Repos\VulkanEngineProject\ZodiacEngine\Dependencies\VulkanSDK\Include\vulkan\utility\vk_format_utils.h">
      <Filter>Dependencies\VulkanSDK\Include\vulkan\utility\Header Files</Filter>
    </ClInclude>
    <ClInclude Include="E:\Repos\VulkanEngineProject\ZodiacEngine\Dependencies\VulkanSDK\Include\vulkan\vk_enum_string_helper.h">
      <Filter>Dependencies\VulkanSDK\Include\vulkan\Header Files</Filter>
    </ClInclude>
    <ClInclude Include="E:\Repos\VulkanEngineProject\ZodiacEngine\Dependencies\VulkanSDK\Include\vulkan\vk_icd.h">
      <Filter>Dependencies\VulkanSDK\Include\vulkan\Header Files</Filter>
    </ClInclude>
    <ClInclude Include="E:\Repos\VulkanEngineProject\ZodiacEngine\Dependencies\VulkanSDK\Include\vulkan\vk_layer.h">
      <Filter>Dependencies\VulkanSDK\Include\vulkan\Header Files</Filter>
    </ClInclude>
    <ClInclude Include="E:\Repos\VulkanEngineProject\ZodiacEngine\Dependencies\VulkanSDK\Include\vulkan\vk_platform.h">
      <Filter>Dependencies\VulkanSDK\Include\vulkan\Header Files</Filter>
    </ClInclude>
    <ClInclude Include="E:\Repos\VulkanEngineProject\ZodiacEngine\Dependencies\VulkanSDK\Include\vulkan\vulkan.h">
      <Filter>Dependencies\VulkanSDK\Include\vulkan\Header Files</Filter>
    </ClInclude>
    <ClInclude Include="E:\Repos\VulkanEngineProject\ZodiacEngine\Dependencies\VulkanSDK\Include\vulkan\vulkan_android.h">
      <Filter>Dependencies\VulkanSDK\Include\vulkan\Header Files</Filter>
    </ClInclude>
    <ClInclude Include="E:\Repos\VulkanEngineProject\ZodiacEngine\Dependencies\VulkanSDK\Include\vulkan\vulkan_beta.h">
      <Filter>Dependencies\VulkanSDK\Include\vulkan\Header Files</Filter>
    </ClInclude>
    <ClInclude Include="E:\Repos\VulkanEngineProject\ZodiacEngine\Dependencies\VulkanSDK\Include\vulkan\vulkan_core.h">
      <Filter>Dependencies\VulkanSDK\Include\vulkan\Header Files</Filter>
    </ClInclude>
    <ClInclude Include="E:\Repos\VulkanEngineProject\ZodiacEngine\Dependencies\VulkanSDK\Include\vulkan\vulkan_directfb.h">
      <Filter>Dependencies\VulkanSDK\Include\vulkan\Header Files</Filter>
    </ClInclude>
    <ClInclude Include="E:\Repos\VulkanEngineProject\ZodiacEngine\Dependencies\VulkanSDK\Include\vulkan\vulkan_fuchsia.h">
      <Filter>Dependencies\VulkanSDK\Include\vulkan\Header Files</Filter>
    </ClInclude>
    <ClInclude Include="E:\Repos\VulkanEngineProject\ZodiacEngine\Dependencies\VulkanSDK\Include\vulkan\vulkan_ggp.h">
      <Filter>Dependencies\VulkanSDK\Include\vulkan\Header Files</Filter>
    </ClInclude>
    <ClInclude Include="E:\Repos\VulkanEngineProject\ZodiacEngine\Dependencies\VulkanSDK\Include\vulkan\vulkan_ios.h">
      <Filter>Dependencies\VulkanSDK\Include\vulkan\Header Files</Filter>
    </ClInclude>
    <ClInclude Include="E:\Repos\VulkanEngineProject\ZodiacEngine\Dependencies\VulkanSDK\Include\vulkan\vulkan_macos.h">
      <Filter>Dependencies\VulkanSDK\Include\vulkan\Header Files</Filter>
    </ClInclude>
    <ClInclude Include="E:\Repos\VulkanEngineProject\ZodiacEngine\Dependencies\VulkanSDK\Include\vulkan\vulkan_metal.h">
      <Filter>Dependencies\VulkanSDK\Include\vulkan\Header Files</Filter>
    </ClInclude>
    <ClInclude Include="E:\Repos\VulkanEngineProject\ZodiacEngine\Dependencies\VulkanSDK\Include\vulkan\vulkan_ohos.h">
      <Filter>Dependencies\VulkanSDK\Include\vulkan\Header Files</Filter>
    </ClInclude>
    <ClInclude Include="E:\Repos\VulkanEngineProject\ZodiacEngine\Dependencies\VulkanSDK\Include\vulkan\vulkan_screen.h">
      <Filter>Dependencies\VulkanSDK\Include\vulkan\Header Files</Filter>
    </ClInclude>
    <ClInclude Include="E:\Repos\VulkanEngineProject\ZodiacEngine\Dependencies\VulkanSDK\Include\vulkan\vulkan_vi.h">
      <Filter>Dependencies\VulkanSDK\Include\vulkan\Header Files</Filter>
    </ClInclude>
    <ClInclude Include="E:\Repos\VulkanEngineProject\ZodiacEngine\Dependencies\VulkanSDK\Include\vulkan\vulkan_wayland.h">
      <Filter>Dependencies\VulkanSDK\Include\vulkan\Header Files</Filter>
    </ClInclude>
    <ClInclude Include="E:\Repos\VulkanEngineProject\ZodiacEngine\Dependencies\VulkanSDK\Include\vulkan\vulkan_win32.h">
      <Filter>Dependencies\VulkanSDK\Include\vulkan\Header Files</Filter>
    </ClInclude>
    <ClInclude Include="E:\Repos\VulkanEngineProject\ZodiacEngine\Dependencies\VulkanSDK\Include\vulkan\vulkan_xcb.h">
      <Filter>Dependencies\VulkanSDK\Include\vulkan\Header Files</Filter>
    </ClInclude>
    <ClInclude Include="E:\Repos\VulkanEngineProject\ZodiacEngine\Dependencies\VulkanSDK\Include\vulkan\vulkan_xlib.h">
      <Filter>Dependencies\VulkanSDK\Include\vulkan\Header Files</Filter>
    </ClInclude>
    <ClInclude Include="E:\Repos\VulkanEngineProject\ZodiacEngine\Dependencies\VulkanSDK\Include\vulkan\vulkan_xlib_xrandr.h">
      <Filter>Dependencies\VulkanSDK\Include\vulkan\Header Files</Filter>
    </ClInclude>
    <ClInclude Include="E:\Repos\VulkanEngineProject\ZodiacEngine\Dependencies\glm\simd\common.h">
      <Filter>Dependencies\glm\simd\Header Files</Filter>
    </ClInclude>
    <ClInclude Include="E:\Repos\VulkanEngineProject\ZodiacEngine\Dependencies\glm\simd\exponential.h">
      <Filter>Dependencies\glm\simd\Header Files</Filter>
    </ClInclude>
    <ClInclude Include="E:\Repos\VulkanEngineProject\ZodiacEngine\Dependencies\glm\simd\geometric.h">
      <Filter>Dependencies\glm\simd\Header Files</Filter>
    </ClInclude>
    <ClInclude Include="E:\Repos\VulkanEngineProject\ZodiacEngine\Dependencies\glm\simd\integer.h">
      <Filter>Dependencies\glm\simd\Header Files</Filter>
    </ClInclude>
    <ClInclude Include="E:\Repos\VulkanEngineProject\ZodiacEngine\Dependencies\glm\simd\matrix.h">
      <Filter>Dependencies\glm\simd\Header Files</Filter>
    </ClInclude>
    <ClInclude Include="E:\Repos\VulkanEngineProject\ZodiacEngine\Dependencies\glm\simd\packing.h">
      <Filter>Dependencies\glm\simd\Header Files</Filter>
    </ClInclude>
    <ClInclude Include="E:\Repos\VulkanEngineProject\ZodiacEngine\Dependencies\glm\simd\platform.h">
      <Filter>Dependencies\glm\simd\Header Files</Filter>
    </ClInclude>
    <ClInclude Include="E:\Repos\VulkanEngineProject\ZodiacEngine\Dependencies\glm\simd\trigonometric.h">
      <Filter>Dependencies\glm\simd\Header Files</Filter>
    </ClInclude>
    <ClInclude Include="E:\Repos\VulkanEngineProject\ZodiacEngine\Dependencies\glm\simd\vector_relational.h">
      <Filter>Dependencies\glm\simd\Header Files</Filter>
    </ClInclude>
    <ClInclude Include="E:\Repos\VulkanEngineProject\ZodiacEngine\Dependencies\imgui\imconfig.h">
      <Filter>Dependencies\imgui\Header Files</Filter>
    </ClInclude>
    <ClInclude Include="E:\Repos\VulkanEngineProject\ZodiacEngine\Dependencies\imgui\imgui.h">
      <Filter>Dependencies\imgui\Header Files</Filter>
    </ClInclude>
    <ClInclude Include="E:\Repos\VulkanEngineProject\ZodiacEngine\Dependencies\imgui\imgui_impl_glfw.h">
      <Filter>Dependencies\imgui\Header Files</Filter>
    </ClInclude>
    <ClInclude Include="E:\Repos\VulkanEngineProject\ZodiacEngine\Dependencies\imgui\imgui_impl_vulkan.h">
      <Filter>Dependencies\imgui\Header Files</Filter>
    </ClInclude>
    <ClInclude Include="E:\Repos\VulkanEngineProject\ZodiacEngine\Dependencies\imgui\imgui_internal.h">
      <Filter>Dependencies\imgui\Header Files</Filter>
    </ClInclude>
    <ClInclude Include="E:\Repos\VulkanEngineProject\ZodiacEngine\Dependencies\imgui\imstb_rectpack.h">
      <Filter>Dependencies\imgui\Header Files</Filter>
    </ClInclude>
    <ClInclude Include="E:\Repos\VulkanEngineProject\ZodiacEngine\Dependencies\imgui\imstb_textedit.h">
      <Filter>Dependencies\imgui\Header Files</Filter>
    </ClInclude>
    <ClInclude Include="E:\Repos\VulkanEngineProject\ZodiacEngine\Dependencies\imgui\imstb_truetype.h">
      <Filter>Dependencies\imgui\Header Files</Filter>
    </ClInclude>
    <ClInclude Include="E:\Repos\VulkanEngineProject\ZodiacEngine\Source\Assets\Mesh.h">
      <Filter>Source\Assets\Header Files</Filter>
    </ClInclude>
    <ClInclude Include="E:\Repos\VulkanEngineProject\ZodiacEngine\Source\Assets\Model.h">
      <Filter>Source\Assets\Header Files</Filter>
    </ClInclude>
    <ClInclude Include="E:\Repos\VulkanEngineProject\ZodiacEngine\Source\Assets\Vertex.h">
      <Filter>Source\Assets\Header Files</Filter>
    </ClInclude>
    <ClInclude Include="E:\Repos\VulkanEngineProject\ZodiacEngine\Source\Engine\Application.h">
      <Filter>Source\Engine\Header Files</Filter>
    </ClInclude>
    <ClInclude Include="E:\Repos\VulkanEngineProject\ZodiacEngine\Source\Engine\Clock.h">
      <Filter>Source\Engine\Header Files</Filter>
    </ClInclude>
    <ClInclude Include="E:\Repos\VulkanEngineProject\ZodiacEngine\Source\Engine\Defines.h">
      <Filter>Source\Engine\Header Files</Filter>
    </ClInclude>
    <ClInclude Include="E:\Repos\VulkanEngineProject\ZodiacEngine\Source\Engine\EntryPoint.h">
      <Filter>Source\Engine\Header Files</Filter>
    </ClInclude>
    <ClInclude Include="E:\Repos\VulkanEngineProject\ZodiacEngine\Source\Engine\Settings.h">
      <Filter>Source\Engine\Header Files</Filter>
    </ClInclude>
    <ClInclude Include="E:\Repos\VulkanEngineProject\ZodiacEngine\Source\Engine\System.h">
      <Filter>Source\Engine\Header Files</Filter>
    </ClInclude>
    <ClInclude Include="E:\Repos\VulkanEngineProject\ZodiacEngine\Source\Engine\Window.h">
      <Filter>Source\Engine\Header Files</Filter>
    </ClInclude>
    <ClInclude Include="E:\Repos\VulkanEngineProject\ZodiacEngine\Source\Engine\Zodiac.h">
      <Filter>Source\Engine\Header Files</Filter>
    </ClInclude>
    <ClInclude Include="E:\Repos\VulkanEngineProject\ZodiacEngine\Source\Engine\Zodiacpch.h">
      <Filter>Source\Engine\Header Files</Filter>
    </ClInclude>
    <ClInclude Include="E:\Repos\VulkanEngineProject\ZodiacEngine\Source\ImGui\ImGuiLayer.h">
      <Filter>Source\ImGui\Header Files</Filter>
    </ClInclude>
    <ClInclude Include="E:\Repos\VulkanEngineProject\ZodiacEngine\Source\Input\Input.h">
      <Filter>Source\Input\Header Files</Filter>
    </ClInclude>
    <ClInclude Include="E:\Repos\VulkanEngineProject\ZodiacEngine\Source\Renderer\Material.h">
      <Filter>Source\Renderer\Header Files</Filter>
    </ClInclude>
    <ClInclude Include="E:\Repos\VulkanEngineProject\ZodiacEngine\Source\Renderer\OrthographicCamera.h">
      <Filter>Source\Renderer\Header Files</Filter>
    </ClInclude>
    <ClInclude Include="E:\Repos\VulkanEngineProject\ZodiacEngine\Source\Renderer\PerspectiveCamera.h">
      <Filter>Source\Renderer\Header Files</Filter>
    </ClInclude>
    <ClInclude Include="E:\Repos\VulkanEngineProject\ZodiacEngine\Source\Renderer\Renderer.h">
      <Filter>Source\Renderer\Header Files</Filter>
    </ClInclude>
    <ClInclude Include="E:\Repos\VulkanEngineProject\ZodiacEngine\Source\Renderer\Texture.h">
      <Filter>Source\Renderer\Header Files</Filter>
    </ClInclude>
    <ClInclude Include="E:\Repos\VulkanEngineProject\ZodiacEngine\Source\Vulkan\DepthStencil.h">
      <Filter>Source\Vulkan\Header Files</Filter>
    </ClInclude>
    <ClInclude Include="E:\Repos\VulkanEngineProject\ZodiacEngine\Source\Vulkan\Initializers.h">
      <Filter>Source\Vulkan\Header Files</Filter>
    </ClInclude>
    <ClInclude Include="E:\Repos\VulkanEngineProject\ZodiacEngine\Source\Vulkan\QueueFamilyIndices.h">
      <Filter>Source\Vulkan\Header Files</Filter>
    </ClInclude>
    <ClInclude Include="E:\Repos\VulkanEngineProject\ZodiacEngine\Source\Vulkan\StagingBuffer.h">
      <Filter>Source\Vulkan\Header Files</Filter>
    </ClInclude>
    <ClInclude Include="E:\Repos\VulkanEngineProject\ZodiacEngine\Source\Vulkan\SurfaceDetails.h">
      <Filter>Source\Vulkan\Header Files</Filter>
    </ClInclude>
    <ClInclude Include="E:\Repos\VulkanEngineProject\ZodiacEngine\Source\Vulkan\Validation.h">
      <Filter>Source\Vulkan\Header Files</Filter>
    </ClInclude>
    <ClInclude Include="E:\Repos\VulkanEngineProject\ZodiacEngine\Source\Vulkan\VulkanBuffer.h">
      <Filter>Source\Vulkan\Header Files</Filter>
    </ClInclude>
    <ClInclude Include="E:\Repos\VulkanEngineProject\ZodiacEngine\Source\Vulkan\VulkanConfiguration.h">
      <Filter>Source\Vulkan\Header Files</Filter>
    </ClInclude>
    <ClInclude Include="E:\Repos\VulkanEngineProject\ZodiacEngine\Source\Vulkan\VulkanDevice.h">
      <Filter>Source\Vulkan\Header Files</Filter>
    </ClInclude>
    <ClInclude Include="E:\Repos\VulkanEngineProject\ZodiacEngine\Source\Vulkan\VulkanFence.h">
      <Filter>Source\Vulkan\Header Files</Filter>
    </ClInclude>
    <ClInclude Include="E:\Repos\VulkanEngineProject\ZodiacEngine\Source\Vulkan\VulkanFramebuffer.h">
      <Filter>Source\Vulkan\Header Files</Filter>
    </ClInclude>
    <ClInclude Include="E:\Repos\VulkanEngineProject\ZodiacEngine\Source\Vulkan\VulkanInstance.h">
      <Filter>Source\Vulkan\Header Files</Filter>
    </ClInclude>
    <ClInclude Include="E:\Repos\VulkanEngineProject\ZodiacEngine\Source\Vulkan\VulkanPhysicalDevice.h">
      <Filter>Source\Vulkan\Header Files</Filter>
    </ClInclude>
    <ClInclude Include="E:\Repos\VulkanEngineProject\ZodiacEngine\Source\Vulkan\VulkanSemaphore.h">
      <Filter>Source\Vulkan\Header Files</Filter>
    </ClInclude>
    <ClInclude Include="E:\Repos\VulkanEngineProject\ZodiacEngine\Source\Vulkan\VulkanShaderModule.h">
      <Filter>Source\Vulkan\Header Files</Filter>
    </ClInclude>
    <ClInclude Include="E:\Repos\VulkanEngineProject\ZodiacEngine\Source\Vulkan\VulkanSurface.h">
      <Filter>Source\Vulkan\Header Files</Filter>
    </ClInclude>
    <ClInclude Include="E:\Repos\VulkanEngineProject\ZodiacEngine\Source\Vulkan\VulkanSwapChainBuffer.h">
      <Filter>Source\Vulkan\Header Files</Filter>
    </ClInclude>
    <ClInclude Include="E:\Repos\VulkanEngineProject\ZodiacEngine\Source\Vulkan\VulkanSwapchain.h">
      <Filter>Source\Vulkan\Header Files</Filter>
    </ClInclude>
  </ItemGroup>
  <ItemGroup>
    <CustomBuild Include="E:\Repos\VulkanEngineProject\ZodiacEngine\CMakeLists.txt" />
  </ItemGroup>
  <ItemGroup>
    <Filter Include="Dependencies">
      <UniqueIdentifier>{86C8F61B-E468-3D2E-88ED-E3FAD8B4DC38}</UniqueIdentifier>
    </Filter>
    <Filter Include="Dependencies\GLFW">
      <UniqueIdentifier>{E429FB2C-82D4-3D47-AF23-45714076F452}</UniqueIdentifier>
    </Filter>
    <Filter Include="Dependencies\GLFW\include">
      <UniqueIdentifier>{C9BEADD1-C5B6-3396-9EF2-D937406F2E52}</UniqueIdentifier>
    </Filter>
    <Filter Include="Dependencies\GLFW\include\GLFW">
      <UniqueIdentifier>{1A2C6C6F-4AB1-316E-83FD-6E2B90780521}</UniqueIdentifier>
    </Filter>
    <Filter Include="Dependencies\GLFW\include\GLFW\Header Files">
      <UniqueIdentifier>{2A6CE86F-2C62-3CE2-898F-E24EA98A695D}</UniqueIdentifier>
    </Filter>
    <Filter Include="Dependencies\VulkanSDK">
      <UniqueIdentifier>{CE5589D6-2F74-31E0-9EFC-B9E046891B4C}</UniqueIdentifier>
    </Filter>
    <Filter Include="Dependencies\VulkanSDK\Include">
      <UniqueIdentifier>{83561061-33A1-389B-9E0A-6B1ADFB4D272}</UniqueIdentifier>
    </Filter>
    <Filter Include="Dependencies\VulkanSDK\Include\shaderc">
      <UniqueIdentifier>{8DED3B4E-C837-30D2-985A-5CCAA93014E1}</UniqueIdentifier>
    </Filter>
    <Filter Include="Dependencies\VulkanSDK\Include\shaderc\Header Files">
      <UniqueIdentifier>{B6BA1B63-A6C5-33E0-8307-B24F78B0600D}</UniqueIdentifier>
    </Filter>
    <Filter Include="Dependencies\VulkanSDK\Include\spirv-headers">
      <UniqueIdentifier>{C19AE6AB-C4A6-301E-B73C-B0D3B89CF08C}</UniqueIdentifier>
    </Filter>
    <Filter Include="Dependencies\VulkanSDK\Include\spirv-headers\Header Files">
      <UniqueIdentifier>{91DA2268-CE87-3BC0-8427-32D5C1E47423}</UniqueIdentifier>
    </Filter>
    <Filter Include="Dependencies\VulkanSDK\Include\spirv-headers\Other">
      <UniqueIdentifier>{0DBA7E2F-AE7A-3B53-8082-A0D114EF05EC}</UniqueIdentifier>
    </Filter>
    <Filter Include="Dependencies\VulkanSDK\Include\vk_video">
      <UniqueIdentifier>{AAEF28CA-DD7B-3585-8705-DAE9D7E804EE}</UniqueIdentifier>
    </Filter>
    <Filter Include="Dependencies\VulkanSDK\Include\vk_video\Header Files">
      <UniqueIdentifier>{F86EF892-7CFE-372F-8960-685E4F3D9C2F}</UniqueIdentifier>
    </Filter>
    <Filter Include="Dependencies\VulkanSDK\Include\vulkan">
      <UniqueIdentifier>{5B13CD06-FEB7-38A7-A93C-9CBF67CB4E7A}</UniqueIdentifier>
    </Filter>
    <Filter Include="Dependencies\VulkanSDK\Include\vulkan\Header Files">
      <UniqueIdentifier>{8A8C60D7-0B94-35C8-ADB9-5B8637980379}</UniqueIdentifier>
    </Filter>
    <Filter Include="Dependencies\VulkanSDK\Include\vulkan\utility">
      <UniqueIdentifier>{87AC7E42-652D-32EA-9075-846C839FEC61}</UniqueIdentifier>
    </Filter>
    <Filter Include="Dependencies\VulkanSDK\Include\vulkan\utility\Header Files">
      <UniqueIdentifier>{3EC210AC-5F63-3395-8F0B-54F40A3F33D7}</UniqueIdentifier>
    </Filter>
    <Filter Include="Dependencies\glm">
      <UniqueIdentifier>{9D78F987-2D26-3CD9-BA35-69FB4C48C634}</UniqueIdentifier>
    </Filter>
    <Filter Include="Dependencies\glm\detail">
      <UniqueIdentifier>{69B43DDF-CDE5-3813-8640-3E6E47DC96EE}</UniqueIdentifier>
    </Filter>
    <Filter Include="Dependencies\glm\detail\Source Files">
      <UniqueIdentifier>{3D2F7B17-54BD-303A-9651-42DD03EB7C97}</UniqueIdentifier>
    </Filter>
    <Filter Include="Dependencies\glm\simd">
      <UniqueIdentifier>{0404D534-7F7D-30FC-8930-16927DFF20CD}</UniqueIdentifier>
    </Filter>
    <Filter Include="Dependencies\glm\simd\Header Files">
      <UniqueIdentifier>{D5302F89-3A22-3625-A659-D2D4CF6C46B6}</UniqueIdentifier>
    </Filter>
    <Filter Include="Dependencies\imgui">
      <UniqueIdentifier>{A4BBBD8F-EB1B-3D1A-BDC9-5E45BEB8AADC}</UniqueIdentifier>
    </Filter>
    <Filter Include="Dependencies\imgui\Header Files">
      <UniqueIdentifier>{86BB7520-DE34-3A5C-89D4-38DF29DFEBA4}</UniqueIdentifier>
    </Filter>
    <Filter Include="Dependencies\imgui\Source Files">
      <UniqueIdentifier>{CFF36254-68B2-39CA-B5BF-0A765C7252A6}</UniqueIdentifier>
    </Filter>
    <Filter Include="Source">
      <UniqueIdentifier>{6101AC80-AC5B-37CC-A99E-94404BABEBB9}</UniqueIdentifier>
    </Filter>
    <Filter Include="Source\Assets">
      <UniqueIdentifier>{C8203CA4-CDD5-339A-91D2-A84164A3C436}</UniqueIdentifier>
    </Filter>
    <Filter Include="Source\Assets\Header Files">
      <UniqueIdentifier>{EF5C6722-8E50-3054-9CFC-297EB38BEDB2}</UniqueIdentifier>
    </Filter>
    <Filter Include="Source\Assets\Source Files">
      <UniqueIdentifier>{6B7BF9C2-04DA-3F01-B171-9A9D0D08E069}</UniqueIdentifier>
    </Filter>
    <Filter Include="Source\Engine">
      <UniqueIdentifier>{C268593A-90FE-379B-A304-D42631D92A9F}</UniqueIdentifier>
    </Filter>
    <Filter Include="Source\Engine\Header Files">
      <UniqueIdentifier>{8692D691-986B-302B-B07F-BE78786F58EB}</UniqueIdentifier>
    </Filter>
    <Filter Include="Source\Engine\Source Files">
      <UniqueIdentifier>{93A1D2D7-FEEB-3A47-A70A-6AE25ACF7732}</UniqueIdentifier>
    </Filter>
    <Filter Include="Source\ImGui">
      <UniqueIdentifier>{A2043D6F-3C56-3B14-B282-287A1695FA3B}</UniqueIdentifier>
    </Filter>
    <Filter Include="Source\ImGui\Header Files">
      <UniqueIdentifier>{911D18CD-7A06-3D30-ADBF-902CA5415983}</UniqueIdentifier>
    </Filter>
    <Filter Include="Source\ImGui\Source Files">
      <UniqueIdentifier>{324FE2A4-B891-332B-90A5-F11A24D4C511}</UniqueIdentifier>
    </Filter>
    <Filter Include="Source\Input">
      <UniqueIdentifier>{E6E9D111-7AEC-32B4-B5F8-677B3B22B6F0}</UniqueIdentifier>
    </Filter>
    <Filter Include="Source\Input\Header Files">
      <UniqueIdentifier>{00BD026D-5C28-3DF4-9642-86EB663625E2}</UniqueIdentifier>
    </Filter>
    <Filter Include="Source\Renderer">
      <UniqueIdentifier>{65961990-124A-3B88-B0B1-9C50E1E16284}</UniqueIdentifier>
    </Filter>
    <Filter Include="Source\Renderer\Header Files">
      <UniqueIdentifier>{5476D3C5-6865-3EF5-9946-424EE4B2C69F}</UniqueIdentifier>
    </Filter>
    <Filter Include="Source\Renderer\Source Files">
      <UniqueIdentifier>{50271459-3CD7-37D6-9334-DBBD17F96BF9}</UniqueIdentifier>
    </Filter>
    <Filter Include="Source\Source Files">
      <UniqueIdentifier>{ADE1E4FC-C2DE-3E8C-AEE3-1A785C49753F}</UniqueIdentifier>
    </Filter>
    <Filter Include="Source\Vulkan">
      <UniqueIdentifier>{93C0114D-07A0-32C6-B06E-CD11881E3489}</UniqueIdentifier>
    </Filter>
    <Filter Include="Source\Vulkan\Header Files">
      <UniqueIdentifier>{5DD8BCDF-1526-3889-8DC2-85A6B4A6D2CD}</UniqueIdentifier>
    </Filter>
    <Filter Include="Source\Vulkan\Source Files">
      <UniqueIdentifier>{273A83DC-616F-3D83-B554-C52FFC64E5F1}</UniqueIdentifier>
    </Filter>
  </ItemGroup>
</Project>
