<?xml version="1.0" encoding="utf-8"?>
<Project ToolsVersion="4.0" xmlns="http://schemas.microsoft.com/developer/msbuild/2003">
  <ItemGroup>
    <Filter Include="Renderer">
      <UniqueIdentifier>{c580449e-ad15-4233-878a-3ba8fc7226e4}</UniqueIdentifier>
    </Filter>
    <Filter Include="Engine">
      <UniqueIdentifier>{908e0707-3d4b-4f78-b9a9-4dfebed94c05}</UniqueIdentifier>
    </Filter>
    <Filter Include="Engine\Header Files">
      <UniqueIdentifier>{df1960fc-fadd-4d2f-9ef6-45c4c682bbc6}</UniqueIdentifier>
    </Filter>
    <Filter Include="Engine\Source Files">
      <UniqueIdentifier>{fb0f9787-9936-4bc4-add7-44da7379dd0e}</UniqueIdentifier>
    </Filter>
    <Filter Include="Input">
      <UniqueIdentifier>{e2a5d36e-4d00-47d5-b4bd-4ad7fe492a3e}</UniqueIdentifier>
    </Filter>
    <Filter Include="Vulkan">
      <UniqueIdentifier>{d2274ba2-b0e1-4004-9220-c155dd091a9a}</UniqueIdentifier>
    </Filter>
    <Filter Include="Vulkan\Header Files">
      <UniqueIdentifier>{93995380-89BD-4b04-88EB-625FBE52EBFB}</UniqueIdentifier>
      <Extensions>h;hh;hpp;hxx;hm;inl;inc;ipp;xsd</Extensions>
    </Filter>
    <Filter Include="Vulkan\Source Files">
      <UniqueIdentifier>{4FC737F1-C7A5-4376-A066-2A32D752A2FF}</UniqueIdentifier>
      <Extensions>cpp;c;cc;cxx;def;odl;idl;hpj;bat;asm;asmx</Extensions>
    </Filter>
    <Filter Include="UI">
      <UniqueIdentifier>{1ce37d68-8da7-458e-9577-2f92bc11f8dd}</UniqueIdentifier>
    </Filter>
    <Filter Include="Sound">
      <UniqueIdentifier>{69a8cb02-8e5e-47b4-af5b-212f1b7f63b5}</UniqueIdentifier>
    </Filter>
    <Filter Include="Renderer\Header Files">
      <UniqueIdentifier>{04a128df-eea9-49a4-bf1d-cae604f24c0c}</UniqueIdentifier>
    </Filter>
    <Filter Include="Renderer\Source Files">
      <UniqueIdentifier>{bf99e25d-bec3-4303-a1fa-1742bc993d70}</UniqueIdentifier>
    </Filter>
    <Filter Include="Input\Header Files">
      <UniqueIdentifier>{49629377-4e04-47dc-9b3d-2ab28b9a537f}</UniqueIdentifier>
    </Filter>
    <Filter Include="Input\Source Files">
      <UniqueIdentifier>{72436fd8-57ca-4ae8-b54f-ac663854e160}</UniqueIdentifier>
    </Filter>
    <Filter Include="Animation">
      <UniqueIdentifier>{052fe682-acd7-44c0-ae42-dbb01a83d219}</UniqueIdentifier>
    </Filter>
    <Filter Include="Assets">
      <UniqueIdentifier>{833e81a5-d83c-46ad-b21c-ee842ce3bd5b}</UniqueIdentifier>
    </Filter>
    <Filter Include="Assets\Header Files">
      <UniqueIdentifier>{ecd85100-854e-4226-aec8-8eb64b472c31}</UniqueIdentifier>
    </Filter>
    <Filter Include="Assets\Source Files">
      <UniqueIdentifier>{a3259aab-15bc-4d19-a21c-b4c8302984f6}</UniqueIdentifier>
    </Filter>
    <Filter Include="ImGui">
      <UniqueIdentifier>{9f9ad855-89da-4c62-a160-8ba5beaad6ea}</UniqueIdentifier>
    </Filter>
  </ItemGroup>
  <ItemGroup>
    <ClCompile Include="Initializers.cpp">
      <Filter>Vulkan\Source Files</Filter>
    </ClCompile>
    <ClCompile Include="Validation.cpp">
      <Filter>Vulkan\Source Files</Filter>
    </ClCompile>
    <ClCompile Include="VulkanInstance.cpp">
      <Filter>Vulkan\Source Files</Filter>
    </ClCompile>
    <ClCompile Include="VulkanPhysicalDevice.cpp">
      <Filter>Vulkan\Source Files</Filter>
    </ClCompile>
    <ClCompile Include="VulkanDevice.cpp">
      <Filter>Vulkan\Source Files</Filter>
    </ClCompile>
    <ClCompile Include="VulkanBuffer.cpp">
      <Filter>Vulkan\Source Files</Filter>
    </ClCompile>
    <ClCompile Include="System.cpp">
      <Filter>Engine\Source Files</Filter>
    </ClCompile>
    <ClCompile Include="Application.cpp">
      <Filter>Engine\Source Files</Filter>
    </ClCompile>
    <ClCompile Include="main.cpp" />
    <ClCompile Include="Zodiacpch.cpp">
      <Filter>Engine\Source Files</Filter>
    </ClCompile>
    <ClCompile Include="Window.cpp">
      <Filter>Engine\Source Files</Filter>
    </ClCompile>
    <ClCompile Include="OrthographicCamera.cpp">
      <Filter>Renderer\Source Files</Filter>
    </ClCompile>
    <ClCompile Include="PerspectiveCamera.cpp">
      <Filter>Renderer\Source Files</Filter>
    </ClCompile>
    <ClCompile Include="VulkanSwapchain.cpp">
      <Filter>Vulkan\Source Files</Filter>
    </ClCompile>
    <ClCompile Include="VulkanSurface.cpp">
      <Filter>Vulkan\Source Files</Filter>
    </ClCompile>
    <ClCompile Include="VulkanFence.cpp">
      <Filter>Vulkan\Source Files</Filter>
    </ClCompile>
    <ClCompile Include="Renderer.cpp">
      <Filter>Renderer\Source Files</Filter>
    </ClCompile>
    <ClCompile Include="VulkanFramebuffer.cpp">
      <Filter>Vulkan\Source Files</Filter>
    </ClCompile>
    <ClCompile Include="VulkanShaderModule.cpp">
      <Filter>Vulkan\Source Files</Filter>
    </ClCompile>
    <ClCompile Include="VulkanSemaphore.cpp">
      <Filter>Vulkan\Source Files</Filter>
    </ClCompile>
    <ClCompile Include="Mesh.cpp">
      <Filter>Assets\Source Files</Filter>
    </ClCompile>
    <ClCompile Include="Model.cpp">
      <Filter>Assets\Source Files</Filter>
    </ClCompile>
    <ClCompile Include="Dependencies\imgui\imgui.cpp">
      <Filter>ImGui</Filter>
    </ClCompile>
    <ClCompile Include="Dependencies\imgui\imgui_demo.cpp">
      <Filter>ImGui</Filter>
    </ClCompile>
    <ClCompile Include="Dependencies\imgui\imgui_impl_glfw.cpp">
      <Filter>ImGui</Filter>
    </ClCompile>
    <ClCompile Include="Dependencies\imgui\imgui_widgets.cpp">
      <Filter>ImGui</Filter>
    </ClCompile>
    <ClCompile Include="Dependencies\imgui\imgui_draw.cpp">
      <Filter>ImGui</Filter>
    </ClCompile>
  </ItemGroup>
  <ItemGroup>
    <ClInclude Include="Initializers.h">
      <Filter>Vulkan\Header Files</Filter>
    </ClInclude>
    <ClInclude Include="VulkanConfiguration.h">
      <Filter>Vulkan\Header Files</Filter>
    </ClInclude>
    <ClInclude Include="Validation.h">
      <Filter>Vulkan\Header Files</Filter>
    </ClInclude>
    <ClInclude Include="VulkanInstance.h">
      <Filter>Vulkan\Header Files</Filter>
    </ClInclude>
    <ClInclude Include="VulkanPhysicalDevice.h">
      <Filter>Vulkan\Header Files</Filter>
    </ClInclude>
    <ClInclude Include="QueueFamilyIndices.h">
      <Filter>Vulkan\Header Files</Filter>
    </ClInclude>
    <ClInclude Include="VulkanDevice.h">
      <Filter>Vulkan\Header Files</Filter>
    </ClInclude>
    <ClInclude Include="VulkanBuffer.h">
      <Filter>Vulkan\Header Files</Filter>
    </ClInclude>
    <ClInclude Include="Clock.h">
      <Filter>Engine\Header Files</Filter>
    </ClInclude>
    <ClInclude Include="System.h">
      <Filter>Engine\Header Files</Filter>
    </ClInclude>
    <ClInclude Include="Application.h">
      <Filter>Engine\Header Files</Filter>
    </ClInclude>
    <ClInclude Include="EntryPoint.h">
      <Filter>Engine\Header Files</Filter>
    </ClInclude>
    <ClInclude Include="Settings.h">
      <Filter>Engine\Header Files</Filter>
    </ClInclude>
    <ClInclude Include="Zodiac.h">
      <Filter>Engine\Header Files</Filter>
    </ClInclude>
    <ClInclude Include="Zodiacpch.h">
      <Filter>Engine\Header Files</Filter>
    </ClInclude>
    <ClInclude Include="Material.h">
      <Filter>Renderer\Header Files</Filter>
    </ClInclude>
    <ClInclude Include="Renderer.h">
      <Filter>Renderer\Header Files</Filter>
    </ClInclude>
    <ClInclude Include="Input.h">
      <Filter>Input\Header Files</Filter>
    </ClInclude>
    <ClInclude Include="Window.h">
      <Filter>Engine\Header Files</Filter>
    </ClInclude>
    <ClInclude Include="VulkanSwapchain.h">
      <Filter>Vulkan\Header Files</Filter>
    </ClInclude>
    <ClInclude Include="OrthographicCamera.h">
      <Filter>Renderer\Header Files</Filter>
    </ClInclude>
    <ClInclude Include="PerspectiveCamera.h">
      <Filter>Renderer\Header Files</Filter>
    </ClInclude>
    <ClInclude Include="Texture.h">
      <Filter>Renderer\Header Files</Filter>
    </ClInclude>
    <ClInclude Include="VulkanSwapChainBuffer.h">
      <Filter>Vulkan\Header Files</Filter>
    </ClInclude>
    <ClInclude Include="SurfaceDetails.h">
      <Filter>Vulkan\Header Files</Filter>
    </ClInclude>
    <ClInclude Include="VulkanSurface.h">
      <Filter>Vulkan\Header Files</Filter>
    </ClInclude>
    <ClInclude Include="VulkanFence.h">
      <Filter>Vulkan\Header Files</Filter>
    </ClInclude>
    <ClInclude Include="DepthStencil.h">
      <Filter>Vulkan\Header Files</Filter>
    </ClInclude>
    <ClInclude Include="VulkanFramebuffer.h">
      <Filter>Vulkan\Header Files</Filter>
    </ClInclude>
    <ClInclude Include="VulkanShaderModule.h">
      <Filter>Vulkan\Header Files</Filter>
    </ClInclude>
    <ClInclude Include="VulkanSemaphore.h">
      <Filter>Vulkan\Header Files</Filter>
    </ClInclude>
    <ClInclude Include="Mesh.h">
      <Filter>Assets\Header Files</Filter>
    </ClInclude>
    <ClInclude Include="Model.h">
      <Filter>Assets\Header Files</Filter>
    </ClInclude>
    <ClInclude Include="Vertex.h">
      <Filter>Assets\Header Files</Filter>
    </ClInclude>
    <ClInclude Include="StagingBuffer.h">
      <Filter>Vulkan\Header Files</Filter>
    </ClInclude>
  </ItemGroup>
</Project>