<?xml version="1.0" encoding="utf-8"?>
<Project ToolsVersion="4.0" xmlns="http://schemas.microsoft.com/developer/msbuild/2003">
  <ItemGroup>
    <Filter Include="Renderer">
      <UniqueIdentifier>{c580449e-ad15-4233-878a-3ba8fc7226e4}</UniqueIdentifier>
    </Filter>
    <Filter Include="Engine">
      <UniqueIdentifier>{908e0707-3d4b-4f78-b9a9-4dfebed94c05}</UniqueIdentifier>
    </Filter>
    <Filter Include="Engine\Vulkan">
      <UniqueIdentifier>{d2274ba2-b0e1-4004-9220-c155dd091a9a}</UniqueIdentifier>
    </Filter>
    <Filter Include="Engine\Vulkan\Header Files">
      <UniqueIdentifier>{93995380-89BD-4b04-88EB-625FBE52EBFB}</UniqueIdentifier>
      <Extensions>h;hh;hpp;hxx;hm;inl;inc;ipp;xsd</Extensions>
    </Filter>
    <Filter Include="Engine\Vulkan\Source Files">
      <UniqueIdentifier>{4FC737F1-C7A5-4376-A066-2A32D752A2FF}</UniqueIdentifier>
      <Extensions>cpp;c;cc;cxx;def;odl;idl;hpj;bat;asm;asmx</Extensions>
    </Filter>
    <Filter Include="Engine\Header Files">
      <UniqueIdentifier>{df1960fc-fadd-4d2f-9ef6-45c4c682bbc6}</UniqueIdentifier>
    </Filter>
    <Filter Include="Engine\Source Files">
      <UniqueIdentifier>{fb0f9787-9936-4bc4-add7-44da7379dd0e}</UniqueIdentifier>
    </Filter>
  </ItemGroup>
  <ItemGroup>
    <ClCompile Include="Initializers.cpp">
      <Filter>Engine\Vulkan\Source Files</Filter>
    </ClCompile>
    <ClCompile Include="Validation.cpp">
      <Filter>Engine\Vulkan\Source Files</Filter>
    </ClCompile>
    <ClCompile Include="VulkanInstance.cpp">
      <Filter>Engine\Vulkan\Source Files</Filter>
    </ClCompile>
    <ClCompile Include="VulkanPhysicalDevice.cpp">
      <Filter>Engine\Vulkan\Source Files</Filter>
    </ClCompile>
    <ClCompile Include="VulkanDevice.cpp">
      <Filter>Engine\Vulkan\Source Files</Filter>
    </ClCompile>
    <ClCompile Include="VulkanBuffer.cpp">
      <Filter>Engine\Vulkan\Source Files</Filter>
    </ClCompile>
    <ClCompile Include="main.cpp">
      <Filter>Engine\Source Files</Filter>
    </ClCompile>
    <ClCompile Include="System.cpp">
      <Filter>Engine\Source Files</Filter>
    </ClCompile>
  </ItemGroup>
  <ItemGroup>
    <ClInclude Include="Initializers.h">
      <Filter>Engine\Vulkan\Header Files</Filter>
    </ClInclude>
    <ClInclude Include="VulkanConfiguration.h">
      <Filter>Engine\Vulkan\Header Files</Filter>
    </ClInclude>
    <ClInclude Include="Validation.h">
      <Filter>Engine\Vulkan\Header Files</Filter>
    </ClInclude>
    <ClInclude Include="VulkanInstance.h">
      <Filter>Engine\Vulkan\Header Files</Filter>
    </ClInclude>
    <ClInclude Include="VulkanPhysicalDevice.h">
      <Filter>Engine\Vulkan\Header Files</Filter>
    </ClInclude>
    <ClInclude Include="QueueFamilyIndices.h">
      <Filter>Engine\Vulkan\Header Files</Filter>
    </ClInclude>
    <ClInclude Include="VulkanDevice.h">
      <Filter>Engine\Vulkan\Header Files</Filter>
    </ClInclude>
    <ClInclude Include="VulkanBuffer.h">
      <Filter>Engine\Vulkan\Header Files</Filter>
    </ClInclude>
    <ClInclude Include="Clock.h">
      <Filter>Engine\Header Files</Filter>
    </ClInclude>
    <ClInclude Include="Renderer.h">
      <Filter>Engine\Header Files</Filter>
    </ClInclude>
    <ClInclude Include="System.h">
      <Filter>Engine\Header Files</Filter>
    </ClInclude>
  </ItemGroup>
</Project>